<?xml version="1.0" encoding="utf-8"?>
<Project ToolsVersion="4.0" xmlns="http://schemas.microsoft.com/developer/msbuild/2003">
  <ItemGroup>
    <ClCompile Include="Animation.cpp" />
    <ClCompile Include="GameObject.cpp" />
    <ClCompile Include="GravityObject.cpp" />
    <ClCompile Include="Guy.cpp" />
    <ClCompile Include="Item.cpp" />
    <ClCompile Include="mainOld.cpp" />
    <ClCompile Include="main.cpp" />
    <ClCompile Include="Pet.cpp" />
    <ClCompile Include="PlatformObject.cpp" />
    <ClCompile Include="Button.cpp" />
  </ItemGroup>
  <ItemGroup>
    <ClInclude Include="Animation.h" />
    <ClInclude Include="GameObject.h" />
    <ClInclude Include="GravityObject.h" />
    <ClInclude Include="Guy.h" />
    <ClInclude Include="Item.h" />
    <ClInclude Include="Pet.h" />
    <ClInclude Include="PlatformObject.h" />
    <ClInclude Include="Button.h" />
  </ItemGroup>
</Project>