<?xml version="1.0" encoding="utf-8"?>
<Project ToolsVersion="4.0" xmlns="http://schemas.microsoft.com/developer/msbuild/2003">
  <ItemGroup>
    <ClCompile Include="main.cpp" />
    <ClCompile Include="Shop.cpp">
      <Filter>Shop</Filter>
    </ClCompile>
    <ClCompile Include="Item.cpp">
      <Filter>Shop</Filter>
    </ClCompile>
    <ClCompile Include="Doodle.cpp">
      <Filter>Doodle Jump</Filter>
    </ClCompile>
    <ClCompile Include="GravityObject.cpp">
      <Filter>Doodle Jump</Filter>
    </ClCompile>
    <ClCompile Include="PlatformObject.cpp">
      <Filter>Doodle Jump</Filter>
    </ClCompile>
    <ClCompile Include="PowerUp.cpp">
      <Filter>Doodle Jump</Filter>
    </ClCompile>
    <ClCompile Include="BlockBP.cpp">
      <Filter>Doodle Jump</Filter>
    </ClCompile>
    <ClCompile Include="Game.cpp">
      <Filter>Basic Game Component</Filter>
    </ClCompile>
    <ClCompile Include="GameObject.cpp">
      <Filter>Basic Game Component</Filter>
    </ClCompile>
    <ClCompile Include="Animation.cpp">
      <Filter>Basic Game Component</Filter>
    </ClCompile>
    <ClCompile Include="Button.cpp">
      <Filter>Basic Game Component</Filter>
    </ClCompile>
    <ClCompile Include="ParticleSystem.cpp">
      <Filter>Basic Game Component</Filter>
    </ClCompile>
    <ClCompile Include="Pet.cpp">
      <Filter>Pet</Filter>
    </ClCompile>
    <ClCompile Include="Poop.cpp">
      <Filter>Pet</Filter>
    </ClCompile>
  </ItemGroup>
  <ItemGroup>
    <ClInclude Include="Shop.h">
      <Filter>Shop</Filter>
    </ClInclude>
    <ClInclude Include="Item.h">
      <Filter>Shop</Filter>
    </ClInclude>
    <ClInclude Include="Doodle.h">
      <Filter>Doodle Jump</Filter>
    </ClInclude>
    <ClInclude Include="GravityObject.h">
      <Filter>Doodle Jump</Filter>
    </ClInclude>
    <ClInclude Include="PlatformObject.h">
      <Filter>Doodle Jump</Filter>
    </ClInclude>
    <ClInclude Include="PowerUp.h">
      <Filter>Doodle Jump</Filter>
    </ClInclude>
    <ClInclude Include="BlockBP.h">
      <Filter>Doodle Jump</Filter>
    </ClInclude>
    <ClInclude Include="Game.h">
      <Filter>Basic Game Component</Filter>
    </ClInclude>
    <ClInclude Include="GameObject.h">
      <Filter>Basic Game Component</Filter>
    </ClInclude>
    <ClInclude Include="Animation.h">
      <Filter>Basic Game Component</Filter>
    </ClInclude>
    <ClInclude Include="Button.h">
      <Filter>Basic Game Component</Filter>
    </ClInclude>
    <ClInclude Include="ParticleSystem.h">
      <Filter>Basic Game Component</Filter>
    </ClInclude>
    <ClInclude Include="Pet.h">
      <Filter>Pet</Filter>
    </ClInclude>
    <ClInclude Include="Poop.h">
      <Filter>Pet</Filter>
    </ClInclude>
  </ItemGroup>
  <ItemGroup>
    <Filter Include="Shop">
      <UniqueIdentifier>{845dd0e2-f4eb-48ff-8dfc-13618f8dbf42}</UniqueIdentifier>
    </Filter>
    <Filter Include="Doodle Jump">
      <UniqueIdentifier>{b005dfca-c06c-47ec-8fbc-389ab2663d89}</UniqueIdentifier>
    </Filter>
    <Filter Include="Basic Game Component">
      <UniqueIdentifier>{107247f4-06d9-48c1-a317-bc4161e9c05f}</UniqueIdentifier>
    </Filter>
    <Filter Include="Shaders">
      <UniqueIdentifier>{ad2d853e-29d7-41bc-ae73-3bc3514f7ee2}</UniqueIdentifier>
    </Filter>
    <Filter Include="Pet">
      <UniqueIdentifier>{68a0862e-ccdd-43fd-b573-6333be9d649a}</UniqueIdentifier>
    </Filter>
  </ItemGroup>
</Project>